
Microsoft Visual Studio Solution File, Format Version 12.00
# Visual Studio 14
VisualStudioVersion = 14.0.25420.1
MinimumVisualStudioVersion = 10.0.40219.1
Project("{FAE04EC0-301F-11D3-BF4B-00C04F79EFBC}") = "ReflectionUnitTesting", "ReflectionUnitTesting.csproj", "{A19C625E-BC49-4EDB-997B-8C45FE4C48D2}"
EndProject
Project("{FAE04EC0-301F-11D3-BF4B-00C04F79EFBC}") = "ReflectionUnitTesting.Tests", "Tests\ReflectionUnitTesting.Tests.csproj", "{0A517953-790A-4A14-A8EE-36C251080E55}"
EndProject
Global
	GlobalSection(SolutionConfigurationPlatforms) = preSolution
		Debug|Any CPU = Debug|Any CPU
		Release|Any CPU = Release|Any CPU
	EndGlobalSection
	GlobalSection(ProjectConfigurationPlatforms) = postSolution
		{A19C625E-BC49-4EDB-997B-8C45FE4C48D2}.Debug|Any CPU.ActiveCfg = Debug|Any CPU
		{A19C625E-BC49-4EDB-997B-8C45FE4C48D2}.Debug|Any CPU.Build.0 = Debug|Any CPU
		{A19C625E-BC49-4EDB-997B-8C45FE4C48D2}.Release|Any CPU.ActiveCfg = Release|Any CPU
		{A19C625E-BC49-4EDB-997B-8C45FE4C48D2}.Release|Any CPU.Build.0 = Release|Any CPU
		{0A517953-790A-4A14-A8EE-36C251080E55}.Debug|Any CPU.ActiveCfg = Debug|Any CPU
		{0A517953-790A-4A14-A8EE-36C251080E55}.Debug|Any CPU.Build.0 = Debug|Any CPU
		{0A517953-790A-4A14-A8EE-36C251080E55}.Release|Any CPU.ActiveCfg = Release|Any CPU
		{0A517953-790A-4A14-A8EE-36C251080E55}.Release|Any CPU.Build.0 = Release|Any CPU
	EndGlobalSection
	GlobalSection(SolutionProperties) = preSolution
		HideSolutionNode = FALSE
	EndGlobalSection
EndGlobal
